PODS:
  - AudioKit (4.9.5):
    - AudioKit/Core (= 4.9.5)
    - AudioKit/UI (= 4.9.5)
  - AudioKit/Core (4.9.5)
  - AudioKit/UI (4.9.5):
    - AudioKit/Core

DEPENDENCIES:
  - AudioKit (~> 4.0)

SPEC REPOS:
  trunk:
    - AudioKit

SPEC CHECKSUMS:
  AudioKit: ccf4e39c89ed6e5cbbce5fef58d819db39446437

PODFILE CHECKSUM: 9ce0f410e2dddd22de54f31ac2c29e254d4dcce8

COCOAPODS: 1.9.1
